
Microsoft Visual Studio Solution File, Format Version 12.00
# Visual Studio Version 16
VisualStudioVersion = 16.0.32228.343
MinimumVisualStudioVersion = 10.0.40219.1
Project("{FAE04EC0-301F-11D3-BF4B-00C04F79EFBC}") = "AppWMSAPI", "AppAPI\AppWMSAPI.csproj", "{0CD7E757-4675-4BE1-BD13-873BD0ADFB0D}"
EndProject
Global
	GlobalSection(SolutionConfigurationPlatforms) = preSolution
		Debug|Any CPU = Debug|Any CPU
		Release|Any CPU = Release|Any CPU
	EndGlobalSection
	GlobalSection(ProjectConfigurationPlatforms) = postSolution
		{0CD7E757-4675-4BE1-BD13-873BD0ADFB0D}.Debug|Any CPU.ActiveCfg = Debug|Any CPU
		{0CD7E757-4675-4BE1-BD13-873BD0ADFB0D}.Debug|Any CPU.Build.0 = Debug|Any CPU
		{0CD7E757-4675-4BE1-BD13-873BD0ADFB0D}.Release|Any CPU.ActiveCfg = Release|Any CPU
		{0CD7E757-4675-4BE1-BD13-873BD0ADFB0D}.Release|Any CPU.Build.0 = Release|Any CPU
	EndGlobalSection
	GlobalSection(SolutionProperties) = preSolution
		HideSolutionNode = FALSE
	EndGlobalSection
	GlobalSection(ExtensibilityGlobals) = postSolution
		SolutionGuid = {2CA9F2F2-1D12-488C-9F55-38CDEAD76FFE}
	EndGlobalSection
EndGlobal
